// !$*UTF8*$!
{
	archiveVersion = 1;
	classes = {
	};
	objectVersion = 51;
	objects = {

/* Begin PBXBuildFile section */
		07C024040113D7057AA31DAA /* Pods_nhap3.framework in Frameworks */ = {isa = PBXBuildFile; fileRef = CB2D5BFB2BB3289F0A1365EB /* Pods_nhap3.framework */; };
		18093A8E2251A87A00BFD8B6 /* Screen_List_Friend_CELL_TableViewCell.swift in Sources */ = {isa = PBXBuildFile; fileRef = 18093A8D2251A87A00BFD8B6 /* Screen_List_Friend_CELL_TableViewCell.swift */; };
		18093A942251D93B00BFD8B6 /* Screen_List_Friend_ViewController.swift in Sources */ = {isa = PBXBuildFile; fileRef = 18093A932251D93B00BFD8B6 /* Screen_List_Friend_ViewController.swift */; };
		184212582253039500B7F51A /* BaseView.swift in Sources */ = {isa = PBXBuildFile; fileRef = 184212572253039500B7F51A /* BaseView.swift */; };
		186D68122254FEE200648348 /* CELL_List_Chat_TableViewCell.swift in Sources */ = {isa = PBXBuildFile; fileRef = 186D68112254FEE200648348 /* CELL_List_Chat_TableViewCell.swift */; };
		18828B8F22523D9400F8DBC8 /* Show_Avatar_ViewController.swift in Sources */ = {isa = PBXBuildFile; fileRef = 18828B8E22523D9400F8DBC8 /* Show_Avatar_ViewController.swift */; };
		18828B91225245D600F8DBC8 /* sieunhan.swift in Sources */ = {isa = PBXBuildFile; fileRef = 18828B90225245D600F8DBC8 /* sieunhan.swift */; };
		18960C3C224D29B8001F6DB1 /* Screen_List_Chat_ViewController.swift in Sources */ = {isa = PBXBuildFile; fileRef = 18960C3B224D29B8001F6DB1 /* Screen_List_Chat_ViewController.swift */; };
		18960C3F224D2B48001F6DB1 /* User.swift in Sources */ = {isa = PBXBuildFile; fileRef = 18960C3E224D2B48001F6DB1 /* User.swift */; };
		18A651AF224A87F5004DE1AE /* manhinh_dangnhap_ViewController.swift in Sources */ = {isa = PBXBuildFile; fileRef = 18A651AE224A87F5004DE1AE /* manhinh_dangnhap_ViewController.swift */; };
		18C0433522543D90005119B2 /* CELL_chat_user_1_TableViewCell.swift in Sources */ = {isa = PBXBuildFile; fileRef = 18C0433422543D90005119B2 /* CELL_chat_user_1_TableViewCell.swift */; };
		18C0433722543DDA005119B2 /* CELL_chat_user_2_TableViewCell.swift in Sources */ = {isa = PBXBuildFile; fileRef = 18C0433622543DDA005119B2 /* CELL_chat_user_2_TableViewCell.swift */; };
		B5F2979622438F1F00156002 /* AppDelegate.swift in Sources */ = {isa = PBXBuildFile; fileRef = B5F2979522438F1F00156002 /* AppDelegate.swift */; };
		B5F2979822438F1F00156002 /* ViewController.swift in Sources */ = {isa = PBXBuildFile; fileRef = B5F2979722438F1F00156002 /* ViewController.swift */; };
		B5F2979B22438F1F00156002 /* Main.storyboard in Resources */ = {isa = PBXBuildFile; fileRef = B5F2979922438F1F00156002 /* Main.storyboard */; };
		B5F2979D22438F2800156002 /* Assets.xcassets in Resources */ = {isa = PBXBuildFile; fileRef = B5F2979C22438F2800156002 /* Assets.xcassets */; };
		B5F297A022438F2800156002 /* LaunchScreen.storyboard in Resources */ = {isa = PBXBuildFile; fileRef = B5F2979E22438F2800156002 /* LaunchScreen.storyboard */; };
		B5F297AC22439BEA00156002 /* Default-568h@2x.png in Resources */ = {isa = PBXBuildFile; fileRef = B5F297AB22439BEA00156002 /* Default-568h@2x.png */; };
		B5F297AE22439E0800156002 /* GoogleService-Info.plist in Resources */ = {isa = PBXBuildFile; fileRef = B5F297AD22439E0700156002 /* GoogleService-Info.plist */; };
/* End PBXBuildFile section */

/* Begin PBXFileReference section */
		18093A8D2251A87A00BFD8B6 /* Screen_List_Friend_CELL_TableViewCell.swift */ = {isa = PBXFileReference; lastKnownFileType = sourcecode.swift; path = Screen_List_Friend_CELL_TableViewCell.swift; sourceTree = "<group>"; };
		18093A932251D93B00BFD8B6 /* Screen_List_Friend_ViewController.swift */ = {isa = PBXFileReference; lastKnownFileType = sourcecode.swift; path = Screen_List_Friend_ViewController.swift; sourceTree = "<group>"; };
		184212572253039500B7F51A /* BaseView.swift */ = {isa = PBXFileReference; lastKnownFileType = sourcecode.swift; path = BaseView.swift; sourceTree = "<group>"; };
		186D68112254FEE200648348 /* CELL_List_Chat_TableViewCell.swift */ = {isa = PBXFileReference; lastKnownFileType = sourcecode.swift; path = CELL_List_Chat_TableViewCell.swift; sourceTree = "<group>"; };
		18828B8E22523D9400F8DBC8 /* Show_Avatar_ViewController.swift */ = {isa = PBXFileReference; lastKnownFileType = sourcecode.swift; path = Show_Avatar_ViewController.swift; sourceTree = "<group>"; };
		18828B90225245D600F8DBC8 /* sieunhan.swift */ = {isa = PBXFileReference; lastKnownFileType = sourcecode.swift; path = sieunhan.swift; sourceTree = "<group>"; };
		18960C3B224D29B8001F6DB1 /* Screen_List_Chat_ViewController.swift */ = {isa = PBXFileReference; lastKnownFileType = sourcecode.swift; name = Screen_List_Chat_ViewController.swift; path = /Users/apple/Desktop/nhap3/nhap3/controller/Screen_List_Chat_ViewController.swift; sourceTree = "<absolute>"; };
		18960C3E224D2B48001F6DB1 /* User.swift */ = {isa = PBXFileReference; lastKnownFileType = sourcecode.swift; path = User.swift; sourceTree = "<group>"; };
		18A651AE224A87F5004DE1AE /* manhinh_dangnhap_ViewController.swift */ = {isa = PBXFileReference; lastKnownFileType = sourcecode.swift; path = manhinh_dangnhap_ViewController.swift; sourceTree = "<group>"; };
		18C0433422543D90005119B2 /* CELL_chat_user_1_TableViewCell.swift */ = {isa = PBXFileReference; lastKnownFileType = sourcecode.swift; path = CELL_chat_user_1_TableViewCell.swift; sourceTree = "<group>"; };
		18C0433622543DDA005119B2 /* CELL_chat_user_2_TableViewCell.swift */ = {isa = PBXFileReference; lastKnownFileType = sourcecode.swift; path = CELL_chat_user_2_TableViewCell.swift; sourceTree = "<group>"; };
		B4079713CB4E6478602E31A6 /* Pods-nhap3.debug.xcconfig */ = {isa = PBXFileReference; includeInIndex = 1; lastKnownFileType = text.xcconfig; name = "Pods-nhap3.debug.xcconfig"; path = "Target Support Files/Pods-nhap3/Pods-nhap3.debug.xcconfig"; sourceTree = "<group>"; };
		B5F2979222438F1F00156002 /* nhap3.app */ = {isa = PBXFileReference; explicitFileType = wrapper.application; includeInIndex = 0; path = nhap3.app; sourceTree = BUILT_PRODUCTS_DIR; };
		B5F2979522438F1F00156002 /* AppDelegate.swift */ = {isa = PBXFileReference; lastKnownFileType = sourcecode.swift; path = AppDelegate.swift; sourceTree = "<group>"; };
		B5F2979722438F1F00156002 /* ViewController.swift */ = {isa = PBXFileReference; lastKnownFileType = sourcecode.swift; path = ViewController.swift; sourceTree = "<group>"; };
		B5F2979A22438F1F00156002 /* Base */ = {isa = PBXFileReference; lastKnownFileType = file.storyboard; name = Base; path = Base.lproj/Main.storyboard; sourceTree = "<group>"; };
		B5F2979C22438F2800156002 /* Assets.xcassets */ = {isa = PBXFileReference; lastKnownFileType = folder.assetcatalog; path = Assets.xcassets; sourceTree = "<group>"; };
		B5F2979F22438F2800156002 /* Base */ = {isa = PBXFileReference; lastKnownFileType = file.storyboard; name = Base; path = Base.lproj/LaunchScreen.storyboard; sourceTree = "<group>"; };
		B5F297A122438F2800156002 /* Info.plist */ = {isa = PBXFileReference; lastKnownFileType = text.plist.xml; path = Info.plist; sourceTree = "<group>"; };
		B5F297AB22439BEA00156002 /* Default-568h@2x.png */ = {isa = PBXFileReference; lastKnownFileType = image.png; path = "Default-568h@2x.png"; sourceTree = "<group>"; };
		B5F297AD22439E0700156002 /* GoogleService-Info.plist */ = {isa = PBXFileReference; fileEncoding = 4; lastKnownFileType = text.plist.xml; path = "GoogleService-Info.plist"; sourceTree = "<group>"; };
		CB2D5BFB2BB3289F0A1365EB /* Pods_nhap3.framework */ = {isa = PBXFileReference; explicitFileType = wrapper.framework; includeInIndex = 0; path = Pods_nhap3.framework; sourceTree = BUILT_PRODUCTS_DIR; };
		EC9BBD6B32744503D4D88AB9 /* Pods-nhap3.release.xcconfig */ = {isa = PBXFileReference; includeInIndex = 1; lastKnownFileType = text.xcconfig; name = "Pods-nhap3.release.xcconfig"; path = "Target Support Files/Pods-nhap3/Pods-nhap3.release.xcconfig"; sourceTree = "<group>"; };
/* End PBXFileReference section */

/* Begin PBXFrameworksBuildPhase section */
		B5F2978F22438F1F00156002 /* Frameworks */ = {
			isa = PBXFrameworksBuildPhase;
			buildActionMask = 2147483647;
			files = (
				07C024040113D7057AA31DAA /* Pods_nhap3.framework in Frameworks */,
			);
			runOnlyForDeploymentPostprocessing = 0;
		};
/* End PBXFrameworksBuildPhase section */

/* Begin PBXGroup section */
		18960C3D224D2AC4001F6DB1 /* model */ = {
			isa = PBXGroup;
			children = (
				18960C3E224D2B48001F6DB1 /* User.swift */,
				18828B90225245D600F8DBC8 /* sieunhan.swift */,
				184212572253039500B7F51A /* BaseView.swift */,
			);
			path = model;
			sourceTree = "<group>";
		};
		322E3D6431E51DAF8844B551 /* Pods */ = {
			isa = PBXGroup;
			children = (
				B4079713CB4E6478602E31A6 /* Pods-nhap3.debug.xcconfig */,
				EC9BBD6B32744503D4D88AB9 /* Pods-nhap3.release.xcconfig */,
			);
			path = Pods;
			sourceTree = "<group>";
		};
		A31B6EECA5A0E3A2D8A64A37 /* Frameworks */ = {
			isa = PBXGroup;
			children = (
				CB2D5BFB2BB3289F0A1365EB /* Pods_nhap3.framework */,
			);
			name = Frameworks;
			sourceTree = "<group>";
		};
		B5F2978922438F1F00156002 = {
			isa = PBXGroup;
			children = (
				B5F297AB22439BEA00156002 /* Default-568h@2x.png */,
				B5F2979422438F1F00156002 /* nhap3 */,
				B5F2979322438F1F00156002 /* Products */,
				322E3D6431E51DAF8844B551 /* Pods */,
				A31B6EECA5A0E3A2D8A64A37 /* Frameworks */,
			);
			sourceTree = "<group>";
		};
		B5F2979322438F1F00156002 /* Products */ = {
			isa = PBXGroup;
			children = (
				B5F2979222438F1F00156002 /* nhap3.app */,
			);
			name = Products;
			sourceTree = "<group>";
		};
		B5F2979422438F1F00156002 /* nhap3 */ = {
			isa = PBXGroup;
			children = (
				18960C3D224D2AC4001F6DB1 /* model */,
				B5F297A92243988A00156002 /* controller */,
				B5F297A82243988000156002 /* view */,
				B5F297A72243987700156002 /* support */,
			);
			path = nhap3;
			sourceTree = "<group>";
		};
		B5F297A72243987700156002 /* support */ = {
			isa = PBXGroup;
			children = (
				B5F297AD22439E0700156002 /* GoogleService-Info.plist */,
				B5F297A122438F2800156002 /* Info.plist */,
				B5F2979E22438F2800156002 /* LaunchScreen.storyboard */,
				B5F2979C22438F2800156002 /* Assets.xcassets */,
				B5F2979522438F1F00156002 /* AppDelegate.swift */,
			);
			path = support;
			sourceTree = "<group>";
		};
		B5F297A82243988000156002 /* view */ = {
			isa = PBXGroup;
			children = (
				B5F2979922438F1F00156002 /* Main.storyboard */,
			);
			path = view;
			sourceTree = "<group>";
		};
		B5F297A92243988A00156002 /* controller */ = {
			isa = PBXGroup;
			children = (
				18960C3B224D29B8001F6DB1 /* Screen_List_Chat_ViewController.swift */,
				18A651AE224A87F5004DE1AE /* manhinh_dangnhap_ViewController.swift */,
				B5F2979722438F1F00156002 /* ViewController.swift */,
				18093A8D2251A87A00BFD8B6 /* Screen_List_Friend_CELL_TableViewCell.swift */,
				18093A932251D93B00BFD8B6 /* Screen_List_Friend_ViewController.swift */,
				18828B8E22523D9400F8DBC8 /* Show_Avatar_ViewController.swift */,
				18C0433422543D90005119B2 /* CELL_chat_user_1_TableViewCell.swift */,
				18C0433622543DDA005119B2 /* CELL_chat_user_2_TableViewCell.swift */,
				186D68112254FEE200648348 /* CELL_List_Chat_TableViewCell.swift */,
			);
			path = controller;
			sourceTree = "<group>";
		};
/* End PBXGroup section */

/* Begin PBXNativeTarget section */
		B5F2979122438F1F00156002 /* nhap3 */ = {
			isa = PBXNativeTarget;
			buildConfigurationList = B5F297A422438F2800156002 /* Build configuration list for PBXNativeTarget "nhap3" */;
			buildPhases = (
				2712E78AF5EABB1E2852DA4C /* [CP] Check Pods Manifest.lock */,
				B5F2978E22438F1F00156002 /* Sources */,
				B5F2978F22438F1F00156002 /* Frameworks */,
				B5F2979022438F1F00156002 /* Resources */,
				5109EBA1BDEECB059D854292 /* [CP] Embed Pods Frameworks */,
			);
			buildRules = (
			);
			dependencies = (
			);
			name = nhap3;
			productName = nhap3;
			productReference = B5F2979222438F1F00156002 /* nhap3.app */;
			productType = "com.apple.product-type.application";
		};
/* End PBXNativeTarget section */

/* Begin PBXProject section */
		B5F2978A22438F1F00156002 /* Project object */ = {
			isa = PBXProject;
			attributes = {
				LastSwiftUpdateCheck = 1010;
				LastUpgradeCheck = 1010;
				ORGANIZATIONNAME = vuminhtam;
				TargetAttributes = {
					B5F2979122438F1F00156002 = {
						CreatedOnToolsVersion = 10.1;
					};
				};
			};
			buildConfigurationList = B5F2978D22438F1F00156002 /* Build configuration list for PBXProject "nhap3" */;
			compatibilityVersion = "Xcode 10.0";
			developmentRegion = en;
			hasScannedForEncodings = 0;
			knownRegions = (
				en,
				Base,
			);
			mainGroup = B5F2978922438F1F00156002;
			productRefGroup = B5F2979322438F1F00156002 /* Products */;
			projectDirPath = "";
			projectRoot = "";
			targets = (
				B5F2979122438F1F00156002 /* nhap3 */,
			);
		};
/* End PBXProject section */

/* Begin PBXResourcesBuildPhase section */
		B5F2979022438F1F00156002 /* Resources */ = {
			isa = PBXResourcesBuildPhase;
			buildActionMask = 2147483647;
			files = (
				B5F297A022438F2800156002 /* LaunchScreen.storyboard in Resources */,
				B5F297AC22439BEA00156002 /* Default-568h@2x.png in Resources */,
				B5F297AE22439E0800156002 /* GoogleService-Info.plist in Resources */,
				B5F2979D22438F2800156002 /* Assets.xcassets in Resources */,
				B5F2979B22438F1F00156002 /* Main.storyboard in Resources */,
			);
			runOnlyForDeploymentPostprocessing = 0;
		};
/* End PBXResourcesBuildPhase section */

/* Begin PBXShellScriptBuildPhase section */
		2712E78AF5EABB1E2852DA4C /* [CP] Check Pods Manifest.lock */ = {
			isa = PBXShellScriptBuildPhase;
			buildActionMask = 2147483647;
			files = (
			);
			inputFileListPaths = (
			);
			inputPaths = (
				"${PODS_PODFILE_DIR_PATH}/Podfile.lock",
				"${PODS_ROOT}/Manifest.lock",
			);
			name = "[CP] Check Pods Manifest.lock";
			outputFileListPaths = (
			);
			outputPaths = (
				"$(DERIVED_FILE_DIR)/Pods-nhap3-checkManifestLockResult.txt",
			);
			runOnlyForDeploymentPostprocessing = 0;
			shellPath = /bin/sh;
			shellScript = "diff \"${PODS_PODFILE_DIR_PATH}/Podfile.lock\" \"${PODS_ROOT}/Manifest.lock\" > /dev/null\nif [ $? != 0 ] ; then\n    # print error to STDERR\n    echo \"error: The sandbox is not in sync with the Podfile.lock. Run 'pod install' or update your CocoaPods installation.\" >&2\n    exit 1\nfi\n# This output is used by Xcode 'outputs' to avoid re-running this script phase.\necho \"SUCCESS\" > \"${SCRIPT_OUTPUT_FILE_0}\"\n";
			showEnvVarsInLog = 0;
		};
		5109EBA1BDEECB059D854292 /* [CP] Embed Pods Frameworks */ = {
			isa = PBXShellScriptBuildPhase;
			buildActionMask = 2147483647;
			files = (
			);
			inputFileListPaths = (
			);
			inputPaths = (
				"${PODS_ROOT}/Target Support Files/Pods-nhap3/Pods-nhap3-frameworks.sh",
				"${BUILT_PRODUCTS_DIR}/GTMSessionFetcher/GTMSessionFetcher.framework",
				"${BUILT_PRODUCTS_DIR}/GoogleUtilities/GoogleUtilities.framework",
				"${BUILT_PRODUCTS_DIR}/leveldb-library/leveldb.framework",
				"${BUILT_PRODUCTS_DIR}/nanopb/nanopb.framework",
			);
			name = "[CP] Embed Pods Frameworks";
			outputFileListPaths = (
			);
			outputPaths = (
				"${TARGET_BUILD_DIR}/${FRAMEWORKS_FOLDER_PATH}/GTMSessionFetcher.framework",
				"${TARGET_BUILD_DIR}/${FRAMEWORKS_FOLDER_PATH}/GoogleUtilities.framework",
				"${TARGET_BUILD_DIR}/${FRAMEWORKS_FOLDER_PATH}/leveldb.framework",
				"${TARGET_BUILD_DIR}/${FRAMEWORKS_FOLDER_PATH}/nanopb.framework",
			);
			runOnlyForDeploymentPostprocessing = 0;
			shellPath = /bin/sh;
			shellScript = "\"${PODS_ROOT}/Target Support Files/Pods-nhap3/Pods-nhap3-frameworks.sh\"\n";
			showEnvVarsInLog = 0;
		};
/* End PBXShellScriptBuildPhase section */

/* Begin PBXSourcesBuildPhase section */
		B5F2978E22438F1F00156002 /* Sources */ = {
			isa = PBXSourcesBuildPhase;
			buildActionMask = 2147483647;
			files = (
				18828B8F22523D9400F8DBC8 /* Show_Avatar_ViewController.swift in Sources */,
				18093A8E2251A87A00BFD8B6 /* Screen_List_Friend_CELL_TableViewCell.swift in Sources */,
				18960C3C224D29B8001F6DB1 /* Screen_List_Chat_ViewController.swift in Sources */,
				18C0433722543DDA005119B2 /* CELL_chat_user_2_TableViewCell.swift in Sources */,
				B5F2979822438F1F00156002 /* ViewController.swift in Sources */,
				186D68122254FEE200648348 /* CELL_List_Chat_TableViewCell.swift in Sources */,
				18828B91225245D600F8DBC8 /* sieunhan.swift in Sources */,
				18A651AF224A87F5004DE1AE /* manhinh_dangnhap_ViewController.swift in Sources */,
				18960C3F224D2B48001F6DB1 /* User.swift in Sources */,
				184212582253039500B7F51A /* BaseView.swift in Sources */,
				B5F2979622438F1F00156002 /* AppDelegate.swift in Sources */,
				18093A942251D93B00BFD8B6 /* Screen_List_Friend_ViewController.swift in Sources */,
				18C0433522543D90005119B2 /* CELL_chat_user_1_TableViewCell.swift in Sources */,
			);
			runOnlyForDeploymentPostprocessing = 0;
		};
/* End PBXSourcesBuildPhase section */

/* Begin PBXVariantGroup section */
		B5F2979922438F1F00156002 /* Main.storyboard */ = {
			isa = PBXVariantGroup;
			children = (
				B5F2979A22438F1F00156002 /* Base */,
			);
			name = Main.storyboard;
			sourceTree = "<group>";
		};
		B5F2979E22438F2800156002 /* LaunchScreen.storyboard */ = {
			isa = PBXVariantGroup;
			children = (
				B5F2979F22438F2800156002 /* Base */,
			);
			name = LaunchScreen.storyboard;
			sourceTree = "<group>";
		};
/* End PBXVariantGroup section */

/* Begin XCBuildConfiguration section */
		B5F297A222438F2800156002 /* Debug */ = {
			isa = XCBuildConfiguration;
			buildSettings = {
				ALWAYS_SEARCH_USER_PATHS = NO;
				CLANG_ANALYZER_NONNULL = YES;
				CLANG_ANALYZER_NUMBER_OBJECT_CONVERSION = YES_AGGRESSIVE;
				CLANG_CXX_LANGUAGE_STANDARD = "gnu++14";
				CLANG_CXX_LIBRARY = "libc++";
				CLANG_ENABLE_MODULES = YES;
				CLANG_ENABLE_OBJC_ARC = YES;
				CLANG_ENABLE_OBJC_WEAK = YES;
				CLANG_WARN_BLOCK_CAPTURE_AUTORELEASING = YES;
				CLANG_WARN_BOOL_CONVERSION = YES;
				CLANG_WARN_COMMA = YES;
				CLANG_WARN_CONSTANT_CONVERSION = YES;
				CLANG_WARN_DEPRECATED_OBJC_IMPLEMENTATIONS = YES;
				CLANG_WARN_DIRECT_OBJC_ISA_USAGE = YES_ERROR;
				CLANG_WARN_DOCUMENTATION_COMMENTS = YES;
				CLANG_WARN_EMPTY_BODY = YES;
				CLANG_WARN_ENUM_CONVERSION = YES;
				CLANG_WARN_INFINITE_RECURSION = YES;
				CLANG_WARN_INT_CONVERSION = YES;
				CLANG_WARN_NON_LITERAL_NULL_CONVERSION = YES;
				CLANG_WARN_OBJC_IMPLICIT_RETAIN_SELF = YES;
				CLANG_WARN_OBJC_LITERAL_CONVERSION = YES;
				CLANG_WARN_OBJC_ROOT_CLASS = YES_ERROR;
				CLANG_WARN_RANGE_LOOP_ANALYSIS = YES;
				CLANG_WARN_STRICT_PROTOTYPES = YES;
				CLANG_WARN_SUSPICIOUS_MOVE = YES;
				CLANG_WARN_UNGUARDED_AVAILABILITY = YES_AGGRESSIVE;
				CLANG_WARN_UNREACHABLE_CODE = YES;
				CLANG_WARN__DUPLICATE_METHOD_MATCH = YES;
				CODE_SIGN_IDENTITY = "iPhone Developer";
				COPY_PHASE_STRIP = NO;
				DEBUG_INFORMATION_FORMAT = dwarf;
				ENABLE_STRICT_OBJC_MSGSEND = YES;
				ENABLE_TESTABILITY = YES;
				GCC_C_LANGUAGE_STANDARD = gnu11;
				GCC_DYNAMIC_NO_PIC = NO;
				GCC_NO_COMMON_BLOCKS = YES;
				GCC_OPTIMIZATION_LEVEL = 0;
				GCC_PREPROCESSOR_DEFINITIONS = (
					"DEBUG=1",
					"$(inherited)",
				);
				GCC_WARN_64_TO_32_BIT_CONVERSION = YES;
				GCC_WARN_ABOUT_RETURN_TYPE = YES_ERROR;
				GCC_WARN_UNDECLARED_SELECTOR = YES;
				GCC_WARN_UNINITIALIZED_AUTOS = YES_AGGRESSIVE;
				GCC_WARN_UNUSED_FUNCTION = YES;
				GCC_WARN_UNUSED_VARIABLE = YES;
				IPHONEOS_DEPLOYMENT_TARGET = 12.1;
				MTL_ENABLE_DEBUG_INFO = INCLUDE_SOURCE;
				MTL_FAST_MATH = YES;
				ONLY_ACTIVE_ARCH = YES;
				SDKROOT = iphoneos;
				SWIFT_ACTIVE_COMPILATION_CONDITIONS = DEBUG;
				SWIFT_OPTIMIZATION_LEVEL = "-Onone";
			};
			name = Debug;
		};
		B5F297A322438F2800156002 /* Release */ = {
			isa = XCBuildConfiguration;
			buildSettings = {
				ALWAYS_SEARCH_USER_PATHS = NO;
				CLANG_ANALYZER_NONNULL = YES;
				CLANG_ANALYZER_NUMBER_OBJECT_CONVERSION = YES_AGGRESSIVE;
				CLANG_CXX_LANGUAGE_STANDARD = "gnu++14";
				CLANG_CXX_LIBRARY = "libc++";
				CLANG_ENABLE_MODULES = YES;
				CLANG_ENABLE_OBJC_ARC = YES;
				CLANG_ENABLE_OBJC_WEAK = YES;
				CLANG_WARN_BLOCK_CAPTURE_AUTORELEASING = YES;
				CLANG_WARN_BOOL_CONVERSION = YES;
				CLANG_WARN_COMMA = YES;
				CLANG_WARN_CONSTANT_CONVERSION = YES;
				CLANG_WARN_DEPRECATED_OBJC_IMPLEMENTATIONS = YES;
				CLANG_WARN_DIRECT_OBJC_ISA_USAGE = YES_ERROR;
				CLANG_WARN_DOCUMENTATION_COMMENTS = YES;
				CLANG_WARN_EMPTY_BODY = YES;
				CLANG_WARN_ENUM_CONVERSION = YES;
				CLANG_WARN_INFINITE_RECURSION = YES;
				CLANG_WARN_INT_CONVERSION = YES;
				CLANG_WARN_NON_LITERAL_NULL_CONVERSION = YES;
				CLANG_WARN_OBJC_IMPLICIT_RETAIN_SELF = YES;
				CLANG_WARN_OBJC_LITERAL_CONVERSION = YES;
				CLANG_WARN_OBJC_ROOT_CLASS = YES_ERROR;
				CLANG_WARN_RANGE_LOOP_ANALYSIS = YES;
				CLANG_WARN_STRICT_PROTOTYPES = YES;
				CLANG_WARN_SUSPICIOUS_MOVE = YES;
				CLANG_WARN_UNGUARDED_AVAILABILITY = YES_AGGRESSIVE;
				CLANG_WARN_UNREACHABLE_CODE = YES;
				CLANG_WARN__DUPLICATE_METHOD_MATCH = YES;
				CODE_SIGN_IDENTITY = "iPhone Developer";
				COPY_PHASE_STRIP = NO;
				DEBUG_INFORMATION_FORMAT = "dwarf-with-dsym";
				ENABLE_NS_ASSERTIONS = NO;
				ENABLE_STRICT_OBJC_MSGSEND = YES;
				GCC_C_LANGUAGE_STANDARD = gnu11;
				GCC_NO_COMMON_BLOCKS = YES;
				GCC_WARN_64_TO_32_BIT_CONVERSION = YES;
				GCC_WARN_ABOUT_RETURN_TYPE = YES_ERROR;
				GCC_WARN_UNDECLARED_SELECTOR = YES;
				GCC_WARN_UNINITIALIZED_AUTOS = YES_AGGRESSIVE;
				GCC_WARN_UNUSED_FUNCTION = YES;
				GCC_WARN_UNUSED_VARIABLE = YES;
				IPHONEOS_DEPLOYMENT_TARGET = 12.1;
				MTL_ENABLE_DEBUG_INFO = NO;
				MTL_FAST_MATH = YES;
				SDKROOT = iphoneos;
				SWIFT_COMPILATION_MODE = wholemodule;
				SWIFT_OPTIMIZATION_LEVEL = "-O";
				VALIDATE_PRODUCT = YES;
			};
			name = Release;
		};
		B5F297A522438F2800156002 /* Debug */ = {
			isa = XCBuildConfiguration;
			baseConfigurationReference = B4079713CB4E6478602E31A6 /* Pods-nhap3.debug.xcconfig */;
			buildSettings = {
				ASSETCATALOG_COMPILER_APPICON_NAME = AppIcon;
				CODE_SIGN_STYLE = Automatic;
				DEVELOPMENT_TEAM = N4NC8GYX67;
				INFOPLIST_FILE = nhap3/support/Info.plist;
				IPHONEOS_DEPLOYMENT_TARGET = 9.3;
				LD_RUNPATH_SEARCH_PATHS = (
					"$(inherited)",
					"@executable_path/Frameworks",
				);
				PRODUCT_BUNDLE_IDENTIFIER = abcd.nhap3;
				PRODUCT_NAME = "$(TARGET_NAME)";
				SWIFT_VERSION = 4.2;
				TARGETED_DEVICE_FAMILY = "1,2";
			};
			name = Debug;
		};
		B5F297A622438F2800156002 /* Release */ = {
			isa = XCBuildConfiguration;
			baseConfigurationReference = EC9BBD6B32744503D4D88AB9 /* Pods-nhap3.release.xcconfig */;
			buildSettings = {
				ASSETCATALOG_COMPILER_APPICON_NAME = AppIcon;
				CODE_SIGN_STYLE = Automatic;
				DEVELOPMENT_TEAM = N4NC8GYX67;
				INFOPLIST_FILE = nhap3/support/Info.plist;
				IPHONEOS_DEPLOYMENT_TARGET = 9.3;
				LD_RUNPATH_SEARCH_PATHS = (
					"$(inherited)",
					"@executable_path/Frameworks",
				);
				PRODUCT_BUNDLE_IDENTIFIER = abcd.nhap3;
				PRODUCT_NAME = "$(TARGET_NAME)";
				SWIFT_VERSION = 4.2;
				TARGETED_DEVICE_FAMILY = "1,2";
			};
			name = Release;
		};
/* End XCBuildConfiguration section */

/* Begin XCConfigurationList section */
		B5F2978D22438F1F00156002 /* Build configuration list for PBXProject "nhap3" */ = {
			isa = XCConfigurationList;
			buildConfigurations = (
				B5F297A222438F2800156002 /* Debug */,
				B5F297A322438F2800156002 /* Release */,
			);
			defaultConfigurationIsVisible = 0;
			defaultConfigurationName = Release;
		};
		B5F297A422438F2800156002 /* Build configuration list for PBXNativeTarget "nhap3" */ = {
			isa = XCConfigurationList;
			buildConfigurations = (
				B5F297A522438F2800156002 /* Debug */,
				B5F297A622438F2800156002 /* Release */,
			);
			defaultConfigurationIsVisible = 0;
			defaultConfigurationName = Release;
		};
/* End XCConfigurationList section */
	};
	rootObject = B5F2978A22438F1F00156002 /* Project object */;
}
